{
  "nodes": {
    "asn2org": {
      "flake": false,
      "locked": {
        "lastModified": 1704093197,
        "narHash": "sha256-kTjTDoNKL0w8VufGUcFJ/m0yXPdfTWV3DPL0Y9TI3Cg=",
        "owner": "vincentbernat",
        "repo": "asn2org",
        "rev": "062470a543a8a8eceda0c4101425b950504f3d0c",
        "type": "github"
      },
      "original": {
        "owner": "vincentbernat",
        "ref": "gh-pages",
        "repo": "asn2org",
        "type": "github"
      }
    },
    "flake-utils": {
      "inputs": {
        "systems": "systems"
      },
      "locked": {
        "lastModified": 1681202837,
        "narHash": "sha256-H+Rh19JDwRtpVPAWp64F+rlEtxUWBAQW28eAi3SRSzg=",
        "owner": "numtide",
        "repo": "flake-utils",
        "rev": "cfacdce06f30d2b68473a46042957675eebb3401",
        "type": "github"
      },
      "original": {
        "owner": "numtide",
        "repo": "flake-utils",
        "type": "github"
      }
    },
    "nixpkgs": {
      "locked": {
        "lastModified": 315532800,
        "narHash": "sha256-wMTrhzkWjSzdaTUowbzEnZeR4LJejNlhVeFTzRg1Lfs=",
        "rev": "0af3d1402dec3fc7e93635e511d1f7428c89cebf",
        "type": "tarball",
        "url": "https://releases.nixos.org/nixpkgs/nixpkgs-26.11pre1068065.0af3d1402dec/nixexprs.tar.xz?lastModified=1788608636"
      },
      "original": {
        "id": "nixpkgs",
        "type": "indirect"
      }
    },
    "root": {
      "inputs": {
        "asn2org": "asn2org",
        "flake-utils": "flake-utils",
        "nixpkgs": "nixpkgs"
      }
    },
    "systems": {
      "locked": {
        "lastModified": 1681028828,
        "narHash": "sha256-Vy1rq5AaRuLzOxct8nz4T6wlgyUR7zLU309k9mBC768=",
        "owner": "nix-systems",
        "repo": "default",
        "rev": "da67096a3b9bf56a91d16901293e51ba5b49a27e",
        "type": "github"
      },
      "original": {
        "owner": "nix-systems",
        "repo": "default",
        "type": "github"
      }
    }
  },
  "root": "root",
  "version": 7
}
